
Microsoft Visual Studio Solution File, Format Version 12.00
# Visual Studio 15
VisualStudioVersion = 15.0.27428.2015
MinimumVisualStudioVersion = 10.0.40219.1
Project("{FAE04EC0-301F-11D3-BF4B-00C04F79EFBC}") = "TicketXMastersMusic", "TicketXMastersMusic\TicketXMastersMusic.csproj", "{8BFA810B-5300-400F-A011-238AD901AE54}"
EndProject
Global
	GlobalSection(SolutionConfigurationPlatforms) = preSolution
		Debug|Any CPU = Debug|Any CPU
		Release|Any CPU = Release|Any CPU
	EndGlobalSection
	GlobalSection(ProjectConfigurationPlatforms) = postSolution
		{8BFA810B-5300-400F-A011-238AD901AE54}.Debug|Any CPU.ActiveCfg = Debug|Any CPU
		{8BFA810B-5300-400F-A011-238AD901AE54}.Debug|Any CPU.Build.0 = Debug|Any CPU
		{8BFA810B-5300-400F-A011-238AD901AE54}.Release|Any CPU.ActiveCfg = Release|Any CPU
		{8BFA810B-5300-400F-A011-238AD901AE54}.Release|Any CPU.Build.0 = Release|Any CPU
	EndGlobalSection
	GlobalSection(SolutionProperties) = preSolution
		HideSolutionNode = FALSE
	EndGlobalSection
	GlobalSection(ExtensibilityGlobals) = postSolution
		SolutionGuid = {0968F0EC-2FB0-47CC-932C-BD688D751E5B}
	EndGlobalSection
EndGlobal
